
Microsoft Visual Studio Solution File, Format Version 12.00
# Visual Studio 15
VisualStudioVersion = 15.0.27703.2042
MinimumVisualStudioVersion = 10.0.40219.1
Project("{9A19103F-16F7-4668-BE54-9A1E7A4F7556}") = "Zarmon.Manager", "Zarmon.Manager.csproj", "{5FC187E1-FC72-44A9-8621-9A0A09115D12}"
EndProject
Project("{9A19103F-16F7-4668-BE54-9A1E7A4F7556}") = "Zarmon.Connection", "..\Zarmon.Connection\Zarmon.Connection.csproj", "{D6137A23-94C7-40DC-B1FA-3A0295BD60E4}"
EndProject
Project("{9A19103F-16F7-4668-BE54-9A1E7A4F7556}") = "Zarmon.Device", "..\Zarmon.Device\Zarmon.Device.csproj", "{98A11D4A-CD6F-411B-8B41-07BFA5B2BAAB}"
EndProject
Project("{9A19103F-16F7-4668-BE54-9A1E7A4F7556}") = "Zarmon.Connection.Tests", "..\Zarmon.Connection.Tests\Zarmon.Connection.Tests.csproj", "{5D1D6A51-A202-4501-A94A-0E0F09325DE4}"
EndProject
Project("{FAE04EC0-301F-11D3-BF4B-00C04F79EFBC}") = "Zarmon.Common", "..\Zarmon.Common\Zarmon.Common.csproj", "{68AA66D8-E7A8-4ACD-8DAF-BB675B6E45BA}"
EndProject
Global
	GlobalSection(SolutionConfigurationPlatforms) = preSolution
		Debug|Any CPU = Debug|Any CPU
		Release|Any CPU = Release|Any CPU
	EndGlobalSection
	GlobalSection(ProjectConfigurationPlatforms) = postSolution
		{5FC187E1-FC72-44A9-8621-9A0A09115D12}.Debug|Any CPU.ActiveCfg = Debug|Any CPU
		{5FC187E1-FC72-44A9-8621-9A0A09115D12}.Debug|Any CPU.Build.0 = Debug|Any CPU
		{5FC187E1-FC72-44A9-8621-9A0A09115D12}.Release|Any CPU.ActiveCfg = Release|Any CPU
		{5FC187E1-FC72-44A9-8621-9A0A09115D12}.Release|Any CPU.Build.0 = Release|Any CPU
		{D6137A23-94C7-40DC-B1FA-3A0295BD60E4}.Debug|Any CPU.ActiveCfg = Debug|Any CPU
		{D6137A23-94C7-40DC-B1FA-3A0295BD60E4}.Debug|Any CPU.Build.0 = Debug|Any CPU
		{D6137A23-94C7-40DC-B1FA-3A0295BD60E4}.Release|Any CPU.ActiveCfg = Release|Any CPU
		{D6137A23-94C7-40DC-B1FA-3A0295BD60E4}.Release|Any CPU.Build.0 = Release|Any CPU
		{98A11D4A-CD6F-411B-8B41-07BFA5B2BAAB}.Debug|Any CPU.ActiveCfg = Debug|Any CPU
		{98A11D4A-CD6F-411B-8B41-07BFA5B2BAAB}.Debug|Any CPU.Build.0 = Debug|Any CPU
		{98A11D4A-CD6F-411B-8B41-07BFA5B2BAAB}.Release|Any CPU.ActiveCfg = Release|Any CPU
		{98A11D4A-CD6F-411B-8B41-07BFA5B2BAAB}.Release|Any CPU.Build.0 = Release|Any CPU
		{5D1D6A51-A202-4501-A94A-0E0F09325DE4}.Debug|Any CPU.ActiveCfg = Debug|Any CPU
		{5D1D6A51-A202-4501-A94A-0E0F09325DE4}.Debug|Any CPU.Build.0 = Debug|Any CPU
		{5D1D6A51-A202-4501-A94A-0E0F09325DE4}.Release|Any CPU.ActiveCfg = Release|Any CPU
		{5D1D6A51-A202-4501-A94A-0E0F09325DE4}.Release|Any CPU.Build.0 = Release|Any CPU
		{68AA66D8-E7A8-4ACD-8DAF-BB675B6E45BA}.Debug|Any CPU.ActiveCfg = Debug|Any CPU
		{68AA66D8-E7A8-4ACD-8DAF-BB675B6E45BA}.Debug|Any CPU.Build.0 = Debug|Any CPU
		{68AA66D8-E7A8-4ACD-8DAF-BB675B6E45BA}.Release|Any CPU.ActiveCfg = Release|Any CPU
		{68AA66D8-E7A8-4ACD-8DAF-BB675B6E45BA}.Release|Any CPU.Build.0 = Release|Any CPU
	EndGlobalSection
	GlobalSection(SolutionProperties) = preSolution
		HideSolutionNode = FALSE
	EndGlobalSection
	GlobalSection(ExtensibilityGlobals) = postSolution
		SolutionGuid = {E72DC67F-3108-4A83-B757-BA27A2089599}
	EndGlobalSection
EndGlobal
